
Microsoft Visual Studio Solution File, Format Version 12.00
# Visual Studio Version 16
VisualStudioVersion = 16.0.29926.136
MinimumVisualStudioVersion = 10.0.40219.1
Project("{9A19103F-16F7-4668-BE54-9A1E7A4F7556}") = "RE.Common", "src\RE.Common\RE.Common.csproj", "{2B45BB67-5736-4FD0-A630-A28776E7CBCD}"
EndProject
Project("{9A19103F-16F7-4668-BE54-9A1E7A4F7556}") = "RE.Client", "src\RE.Client\RE.Client.csproj", "{B7B81E4A-1B04-4770-B02A-6E73B9C32FE2}"
EndProject
Project("{9A19103F-16F7-4668-BE54-9A1E7A4F7556}") = "RE.Server", "src\RE.Server\RE.Server.csproj", "{59A8D53C-C611-48B9-B86A-960D9FB4745C}"
EndProject
Project("{9A19103F-16F7-4668-BE54-9A1E7A4F7556}") = "RE.Web", "src\RE.Web\RE.Web.csproj", "{7525E94D-78B5-4836-B7C1-D130C4B8EBB0}"
EndProject
Global
	GlobalSection(SolutionConfigurationPlatforms) = preSolution
		Debug|Any CPU = Debug|Any CPU
		Release|Any CPU = Release|Any CPU
	EndGlobalSection
	GlobalSection(ProjectConfigurationPlatforms) = postSolution
		{2B45BB67-5736-4FD0-A630-A28776E7CBCD}.Debug|Any CPU.ActiveCfg = Debug|Any CPU
		{2B45BB67-5736-4FD0-A630-A28776E7CBCD}.Debug|Any CPU.Build.0 = Debug|Any CPU
		{2B45BB67-5736-4FD0-A630-A28776E7CBCD}.Release|Any CPU.ActiveCfg = Release|Any CPU
		{2B45BB67-5736-4FD0-A630-A28776E7CBCD}.Release|Any CPU.Build.0 = Release|Any CPU
		{B7B81E4A-1B04-4770-B02A-6E73B9C32FE2}.Debug|Any CPU.ActiveCfg = Debug|Any CPU
		{B7B81E4A-1B04-4770-B02A-6E73B9C32FE2}.Debug|Any CPU.Build.0 = Debug|Any CPU
		{B7B81E4A-1B04-4770-B02A-6E73B9C32FE2}.Release|Any CPU.ActiveCfg = Release|Any CPU
		{B7B81E4A-1B04-4770-B02A-6E73B9C32FE2}.Release|Any CPU.Build.0 = Release|Any CPU
		{59A8D53C-C611-48B9-B86A-960D9FB4745C}.Debug|Any CPU.ActiveCfg = Debug|Any CPU
		{59A8D53C-C611-48B9-B86A-960D9FB4745C}.Debug|Any CPU.Build.0 = Debug|Any CPU
		{59A8D53C-C611-48B9-B86A-960D9FB4745C}.Release|Any CPU.ActiveCfg = Release|Any CPU
		{59A8D53C-C611-48B9-B86A-960D9FB4745C}.Release|Any CPU.Build.0 = Release|Any CPU
		{7525E94D-78B5-4836-B7C1-D130C4B8EBB0}.Debug|Any CPU.ActiveCfg = Debug|Any CPU
		{7525E94D-78B5-4836-B7C1-D130C4B8EBB0}.Debug|Any CPU.Build.0 = Debug|Any CPU
		{7525E94D-78B5-4836-B7C1-D130C4B8EBB0}.Release|Any CPU.ActiveCfg = Release|Any CPU
		{7525E94D-78B5-4836-B7C1-D130C4B8EBB0}.Release|Any CPU.Build.0 = Release|Any CPU
	EndGlobalSection
	GlobalSection(SolutionProperties) = preSolution
		HideSolutionNode = FALSE
	EndGlobalSection
	GlobalSection(ExtensibilityGlobals) = postSolution
		SolutionGuid = {9A4098AE-E63C-4BD7-985F-D33AB42009A5}
	EndGlobalSection
EndGlobal
