
Microsoft Visual Studio Solution File, Format Version 12.00
# Visual Studio Version 16
VisualStudioVersion = 16.0.29926.136
MinimumVisualStudioVersion = 10.0.40219.1
Project("{FAE04EC0-301F-11D3-BF4B-00C04F79EFBC}") = "RE.Server", "RE.Server\RE.Server.csproj", "{E9CD4DAE-9730-48E3-BE37-D3339D067815}"
EndProject
Project("{FAE04EC0-301F-11D3-BF4B-00C04F79EFBC}") = "RE.Common", "RE.Common\RE.Common.csproj", "{56C66934-6FA7-4C50-BD73-26EC62B18187}"
EndProject
Project("{FAE04EC0-301F-11D3-BF4B-00C04F79EFBC}") = "RE.Client", "RE.Client\RE.Client.csproj", "{F190F294-EC87-4FD2-A1A1-486CBDB1BF3B}"
EndProject
Project("{FAE04EC0-301F-11D3-BF4B-00C04F79EFBC}") = "RE.Web", "RE.Web\RE.Web.csproj", "{8BB319FC-1C88-40AD-965D-3320E6E1A289}"
EndProject
Global
	GlobalSection(SolutionConfigurationPlatforms) = preSolution
		Debug|Any CPU = Debug|Any CPU
		Release|Any CPU = Release|Any CPU
	EndGlobalSection
	GlobalSection(ProjectConfigurationPlatforms) = postSolution
		{E9CD4DAE-9730-48E3-BE37-D3339D067815}.Debug|Any CPU.ActiveCfg = Debug|Any CPU
		{E9CD4DAE-9730-48E3-BE37-D3339D067815}.Debug|Any CPU.Build.0 = Debug|Any CPU
		{E9CD4DAE-9730-48E3-BE37-D3339D067815}.Release|Any CPU.ActiveCfg = Release|Any CPU
		{E9CD4DAE-9730-48E3-BE37-D3339D067815}.Release|Any CPU.Build.0 = Release|Any CPU
		{56C66934-6FA7-4C50-BD73-26EC62B18187}.Debug|Any CPU.ActiveCfg = Debug|Any CPU
		{56C66934-6FA7-4C50-BD73-26EC62B18187}.Debug|Any CPU.Build.0 = Debug|Any CPU
		{56C66934-6FA7-4C50-BD73-26EC62B18187}.Release|Any CPU.ActiveCfg = Release|Any CPU
		{56C66934-6FA7-4C50-BD73-26EC62B18187}.Release|Any CPU.Build.0 = Release|Any CPU
		{F190F294-EC87-4FD2-A1A1-486CBDB1BF3B}.Debug|Any CPU.ActiveCfg = Debug|Any CPU
		{F190F294-EC87-4FD2-A1A1-486CBDB1BF3B}.Debug|Any CPU.Build.0 = Debug|Any CPU
		{F190F294-EC87-4FD2-A1A1-486CBDB1BF3B}.Release|Any CPU.ActiveCfg = Release|Any CPU
		{F190F294-EC87-4FD2-A1A1-486CBDB1BF3B}.Release|Any CPU.Build.0 = Release|Any CPU
		{8BB319FC-1C88-40AD-965D-3320E6E1A289}.Debug|Any CPU.ActiveCfg = Debug|Any CPU
		{8BB319FC-1C88-40AD-965D-3320E6E1A289}.Debug|Any CPU.Build.0 = Debug|Any CPU
		{8BB319FC-1C88-40AD-965D-3320E6E1A289}.Release|Any CPU.ActiveCfg = Release|Any CPU
		{8BB319FC-1C88-40AD-965D-3320E6E1A289}.Release|Any CPU.Build.0 = Release|Any CPU
	EndGlobalSection
	GlobalSection(SolutionProperties) = preSolution
		HideSolutionNode = FALSE
	EndGlobalSection
	GlobalSection(ExtensibilityGlobals) = postSolution
		SolutionGuid = {9A4098AE-E63C-4BD7-985F-D33AB42009A5}
	EndGlobalSection
EndGlobal
